
Microsoft Visual Studio Solution File, Format Version 12.00
# Visual Studio Version 17
VisualStudioVersion = 17.10.35027.167
MinimumVisualStudioVersion = 10.0.40219.1
Project("{9A19103F-16F7-4668-BE54-9A1E7A4F7556}") = "Frontend", "Frontend\Frontend.csproj", "{520C7D1D-F816-49AA-B41C-08F508A5E30D}"
EndProject
Project("{9A19103F-16F7-4668-BE54-9A1E7A4F7556}") = "VdbAPI", "VdbAPI\VdbAPI.csproj", "{61E1E093-8545-46D8-9595-16AF877D8062}"
EndProject
Project("{9A19103F-16F7-4668-BE54-9A1E7A4F7556}") = "Backstage", "Backstage\Backstage.csproj", "{699E36DF-392C-4236-A333-F8804756F8B4}"
EndProject
Project("{9A19103F-16F7-4668-BE54-9A1E7A4F7556}") = "prjFilmMember", "prjFilmMember\prjFilmMember.csproj", "{3BB4060D-1547-4EA3-9D1F-7B402482ECD2}"
EndProject
Project("{54A90642-561A-4BB1-A94E-469ADEE60C69}") = "AngularFront", "AngularFront\AngularFront.esproj", "{79E9BF35-D033-4385-A35B-95326F4F183E}"
EndProject
Global
	GlobalSection(SolutionConfigurationPlatforms) = preSolution
		Debug|Any CPU = Debug|Any CPU
		Release|Any CPU = Release|Any CPU
	EndGlobalSection
	GlobalSection(ProjectConfigurationPlatforms) = postSolution
		{520C7D1D-F816-49AA-B41C-08F508A5E30D}.Debug|Any CPU.ActiveCfg = Debug|Any CPU
		{520C7D1D-F816-49AA-B41C-08F508A5E30D}.Debug|Any CPU.Build.0 = Debug|Any CPU
		{520C7D1D-F816-49AA-B41C-08F508A5E30D}.Release|Any CPU.ActiveCfg = Release|Any CPU
		{520C7D1D-F816-49AA-B41C-08F508A5E30D}.Release|Any CPU.Build.0 = Release|Any CPU
		{61E1E093-8545-46D8-9595-16AF877D8062}.Debug|Any CPU.ActiveCfg = Debug|Any CPU
		{61E1E093-8545-46D8-9595-16AF877D8062}.Debug|Any CPU.Build.0 = Debug|Any CPU
		{61E1E093-8545-46D8-9595-16AF877D8062}.Release|Any CPU.ActiveCfg = Release|Any CPU
		{61E1E093-8545-46D8-9595-16AF877D8062}.Release|Any CPU.Build.0 = Release|Any CPU
		{699E36DF-392C-4236-A333-F8804756F8B4}.Debug|Any CPU.ActiveCfg = Debug|Any CPU
		{699E36DF-392C-4236-A333-F8804756F8B4}.Debug|Any CPU.Build.0 = Debug|Any CPU
		{699E36DF-392C-4236-A333-F8804756F8B4}.Release|Any CPU.ActiveCfg = Release|Any CPU
		{699E36DF-392C-4236-A333-F8804756F8B4}.Release|Any CPU.Build.0 = Release|Any CPU
		{3BB4060D-1547-4EA3-9D1F-7B402482ECD2}.Debug|Any CPU.ActiveCfg = Debug|Any CPU
		{3BB4060D-1547-4EA3-9D1F-7B402482ECD2}.Debug|Any CPU.Build.0 = Debug|Any CPU
		{3BB4060D-1547-4EA3-9D1F-7B402482ECD2}.Release|Any CPU.ActiveCfg = Release|Any CPU
		{3BB4060D-1547-4EA3-9D1F-7B402482ECD2}.Release|Any CPU.Build.0 = Release|Any CPU
		{79E9BF35-D033-4385-A35B-95326F4F183E}.Debug|Any CPU.ActiveCfg = Debug|Any CPU
		{79E9BF35-D033-4385-A35B-95326F4F183E}.Debug|Any CPU.Build.0 = Debug|Any CPU
		{79E9BF35-D033-4385-A35B-95326F4F183E}.Debug|Any CPU.Deploy.0 = Debug|Any CPU
		{79E9BF35-D033-4385-A35B-95326F4F183E}.Release|Any CPU.ActiveCfg = Release|Any CPU
		{79E9BF35-D033-4385-A35B-95326F4F183E}.Release|Any CPU.Build.0 = Release|Any CPU
		{79E9BF35-D033-4385-A35B-95326F4F183E}.Release|Any CPU.Deploy.0 = Release|Any CPU
	EndGlobalSection
	GlobalSection(SolutionProperties) = preSolution
		HideSolutionNode = FALSE
	EndGlobalSection
	GlobalSection(ExtensibilityGlobals) = postSolution
		SolutionGuid = {A32C3317-3E7F-46CF-8317-67599E717053}
	EndGlobalSection
EndGlobal
